
Microsoft Visual Studio Solution File, Format Version 12.00
# Visual Studio Version 17
VisualStudioVersion = 17.9.34622.214
MinimumVisualStudioVersion = 10.0.40219.1
Project("{FAE04EC0-301F-11D3-BF4B-00C04F79EFBC}") = "IWantApp", "IWantApp.csproj", "{5449355C-05B3-4362-981A-3EF57C199F44}"
EndProject
Global
	GlobalSection(SolutionConfigurationPlatforms) = preSolution
		Debug|Any CPU = Debug|Any CPU
		Release|Any CPU = Release|Any CPU
	EndGlobalSection
	GlobalSection(ProjectConfigurationPlatforms) = postSolution
		{5449355C-05B3-4362-981A-3EF57C199F44}.Debug|Any CPU.ActiveCfg = Debug|Any CPU
		{5449355C-05B3-4362-981A-3EF57C199F44}.Debug|Any CPU.Build.0 = Debug|Any CPU
		{5449355C-05B3-4362-981A-3EF57C199F44}.Release|Any CPU.ActiveCfg = Release|Any CPU
		{5449355C-05B3-4362-981A-3EF57C199F44}.Release|Any CPU.Build.0 = Release|Any CPU
	EndGlobalSection
	GlobalSection(SolutionProperties) = preSolution
		HideSolutionNode = FALSE
	EndGlobalSection
	GlobalSection(ExtensibilityGlobals) = postSolution
		SolutionGuid = {51BCA42E-D184-43FE-8588-28E84ECBA0DD}
	EndGlobalSection
EndGlobal
